
Microsoft Visual Studio Solution File, Format Version 12.00
# Visual Studio 14
VisualStudioVersion = 14.0.25420.1
MinimumVisualStudioVersion = 10.0.40219.1
Project("{FAE04EC0-301F-11D3-BF4B-00C04F79EFBC}") = "Downloader", "Downloader\Downloader.csproj", "{EE4BBDDB-00A3-4E72-8960-CA3FE6DB35F8}"
EndProject
Project("{FAE04EC0-301F-11D3-BF4B-00C04F79EFBC}") = "DownloaderLibrary", "GasolinaDataUpdater\DownloaderLibrary.csproj", "{3FBDBA99-D11E-4FB1-AA41-72ACEA399FFD}"
EndProject
Global
	GlobalSection(SolutionConfigurationPlatforms) = preSolution
		Debug|Any CPU = Debug|Any CPU
		Release|Any CPU = Release|Any CPU
	EndGlobalSection
	GlobalSection(ProjectConfigurationPlatforms) = postSolution
		{EE4BBDDB-00A3-4E72-8960-CA3FE6DB35F8}.Debug|Any CPU.ActiveCfg = Debug|Any CPU
		{EE4BBDDB-00A3-4E72-8960-CA3FE6DB35F8}.Debug|Any CPU.Build.0 = Debug|Any CPU
		{EE4BBDDB-00A3-4E72-8960-CA3FE6DB35F8}.Release|Any CPU.ActiveCfg = Release|Any CPU
		{EE4BBDDB-00A3-4E72-8960-CA3FE6DB35F8}.Release|Any CPU.Build.0 = Release|Any CPU
		{3FBDBA99-D11E-4FB1-AA41-72ACEA399FFD}.Debug|Any CPU.ActiveCfg = Debug|Any CPU
		{3FBDBA99-D11E-4FB1-AA41-72ACEA399FFD}.Debug|Any CPU.Build.0 = Debug|Any CPU
		{3FBDBA99-D11E-4FB1-AA41-72ACEA399FFD}.Release|Any CPU.ActiveCfg = Release|Any CPU
		{3FBDBA99-D11E-4FB1-AA41-72ACEA399FFD}.Release|Any CPU.Build.0 = Release|Any CPU
	EndGlobalSection
	GlobalSection(SolutionProperties) = preSolution
		HideSolutionNode = FALSE
	EndGlobalSection
EndGlobal
